FORGE
  remote: https://forgeapi.puppetlabs.com
  specs:
    puppetlabs-stdlib (4.6.0)

GIT
  remote: git@github.com:bcornies/bertha-ant.git
  ref: 0.0.2
  sha: 2ef0afe5e31baf78f9babff9c081923f77ef91a8
  specs:
    bertha-ant (0.0.1)

GIT
  remote: git@github.com:bcornies/bertha-bourbon.git
  ref: 0.0.1
  sha: 2b0eb367a56bae0e15befaabd14fc087372213e1
  specs:
    bertha-bourbon (0.0.1)

GIT
  remote: git@github.com:bcornies/bertha-concrete5.git
  ref: 0.0.1
  sha: f951b7daf15dabad963a32096b2090c02c9dc964
  specs:
    bertha-concrete5 (0.0.1)

GIT
  remote: git@github.com:bcornies/bertha-html.git
  ref: 0.0.1
  sha: 238cd9b7dde4cdc51459800de4cc4a4240631dbf
  specs:
    bertha-html (0.0.1)

GIT
  remote: git@github.com:bcornies/bertha-local_libs.git
  ref: 0.0.1
  sha: dd252af9cbb92bcf2515037552f7a3db9c4b8e97
  specs:
    bertha-local_libs (0.0.1)

GIT
  remote: git@github.com:bcornies/bertha-sass.git
  ref: 0.0.1
  sha: beaa005c55a1f87a26bf4cbbf891de0364b31aff
  specs:
    bertha-sass (0.0.1)

GIT
  remote: git@github.com:bcornies/puppet-homebrew.git
  ref: master
  sha: 4d72393e53b636d7f76265c0b50cecedfa7b223f
  specs:
    bcornies-homebrew (0.2.0)

GIT
  remote: git@github.com:bcornies/puppet-vagrant.git
  ref: feature/boxen_decouple
  sha: 5055b8fc73da309189b1382d0f39646e64590139
  specs:
    bcornies-vagrant (0.0.1)

DEPENDENCIES
  bcornies-homebrew (>= 0)
  bcornies-vagrant (>= 0)
  bertha-ant (>= 0)
  bertha-bourbon (>= 0)
  bertha-concrete5 (>= 0)
  bertha-html (>= 0)
  bertha-local_libs (>= 0)
  bertha-sass (>= 0)
  puppetlabs-stdlib (>= 0)

